
Microsoft Visual Studio Solution File, Format Version 12.00
# Visual Studio Version 17
VisualStudioVersion = 17.5.33530.505
MinimumVisualStudioVersion = 10.0.40219.1
Project("{9A19103F-16F7-4668-BE54-9A1E7A4F7556}") = "Blog.Api", "Blog.Api\Blog.Api.csproj", "{25A97AF6-7E1A-4E0E-B836-E54D8C8E37B9}"
EndProject
Project("{2150E333-8FDC-42A3-9474-1A3956D46DE8}") = "Элементы решения", "Элементы решения", "{23AF2423-290F-4A80-A975-A297B8FE736E}"
	ProjectSection(SolutionItems) = preProject
		docker-compose.yml = docker-compose.yml
	EndProjectSection
EndProject
Global
	GlobalSection(SolutionConfigurationPlatforms) = preSolution
		Debug|Any CPU = Debug|Any CPU
		Release|Any CPU = Release|Any CPU
	EndGlobalSection
	GlobalSection(ProjectConfigurationPlatforms) = postSolution
		{25A97AF6-7E1A-4E0E-B836-E54D8C8E37B9}.Debug|Any CPU.ActiveCfg = Debug|Any CPU
		{25A97AF6-7E1A-4E0E-B836-E54D8C8E37B9}.Debug|Any CPU.Build.0 = Debug|Any CPU
		{25A97AF6-7E1A-4E0E-B836-E54D8C8E37B9}.Release|Any CPU.ActiveCfg = Release|Any CPU
		{25A97AF6-7E1A-4E0E-B836-E54D8C8E37B9}.Release|Any CPU.Build.0 = Release|Any CPU
	EndGlobalSection
	GlobalSection(SolutionProperties) = preSolution
		HideSolutionNode = FALSE
	EndGlobalSection
	GlobalSection(ExtensibilityGlobals) = postSolution
		SolutionGuid = {DE00A6A4-08B4-4559-971C-9E8262ABB4EA}
	EndGlobalSection
EndGlobal
